// !$*UTF8*$!
{
	archiveVersion = 1;
	classes = {
	};
	objectVersion = 50;
	objects = {

/* Begin PBXBuildFile section */
		8630C58A25E6C8D00053246D /* 星辰大海.mp4 in Resources */ = {isa = PBXBuildFile; fileRef = 866A3E4925E3B46C00E9DB32 /* 星辰大海.mp4 */; };
		8630C58E25E6C8D30053246D /* 錯位時空.mp4 in Resources */ = {isa = PBXBuildFile; fileRef = 866A3E4825E3B46C00E9DB32 /* 錯位時空.mp4 */; };
		8630C59225E6C8D60053246D /* 清空.mp4 in Resources */ = {isa = PBXBuildFile; fileRef = 866A3E4725E3B46B00E9DB32 /* 清空.mp4 */; };
		8630C59625E6C8D90053246D /* 千千萬萬.mp4 in Resources */ = {isa = PBXBuildFile; fileRef = 866A3E4A25E3B46D00E9DB32 /* 千千萬萬.mp4 */; };
		866A3E1225E1010800E9DB32 /* AppDelegate.swift in Sources */ = {isa = PBXBuildFile; fileRef = 866A3E1125E1010800E9DB32 /* AppDelegate.swift */; };
		866A3E1425E1010800E9DB32 /* SceneDelegate.swift in Sources */ = {isa = PBXBuildFile; fileRef = 866A3E1325E1010800E9DB32 /* SceneDelegate.swift */; };
		866A3E1625E1010800E9DB32 /* ViewController.swift in Sources */ = {isa = PBXBuildFile; fileRef = 866A3E1525E1010800E9DB32 /* ViewController.swift */; };
		866A3E1925E1010800E9DB32 /* Main.storyboard in Resources */ = {isa = PBXBuildFile; fileRef = 866A3E1725E1010800E9DB32 /* Main.storyboard */; };
		866A3E1B25E1010A00E9DB32 /* Assets.xcassets in Resources */ = {isa = PBXBuildFile; fileRef = 866A3E1A25E1010A00E9DB32 /* Assets.xcassets */; };
		866A3E1E25E1010A00E9DB32 /* LaunchScreen.storyboard in Resources */ = {isa = PBXBuildFile; fileRef = 866A3E1C25E1010A00E9DB32 /* LaunchScreen.storyboard */; };
		866A3E2925E1010B00E9DB32 /* TicktokPlayTests.swift in Sources */ = {isa = PBXBuildFile; fileRef = 866A3E2825E1010B00E9DB32 /* TicktokPlayTests.swift */; };
		866A3E3425E1010B00E9DB32 /* TicktokPlayUITests.swift in Sources */ = {isa = PBXBuildFile; fileRef = 866A3E3325E1010B00E9DB32 /* TicktokPlayUITests.swift */; };
		868F7E0F25E3DCA10070549B /* SongList.swift in Sources */ = {isa = PBXBuildFile; fileRef = 868F7E0E25E3DCA10070549B /* SongList.swift */; };
/* End PBXBuildFile section */

/* Begin PBXContainerItemProxy section */
		866A3E2525E1010B00E9DB32 /* PBXContainerItemProxy */ = {
			isa = PBXContainerItemProxy;
			containerPortal = 866A3E0625E1010800E9DB32 /* Project object */;
			proxyType = 1;
			remoteGlobalIDString = 866A3E0D25E1010800E9DB32;
			remoteInfo = TicktokPlay;
		};
		866A3E3025E1010B00E9DB32 /* PBXContainerItemProxy */ = {
			isa = PBXContainerItemProxy;
			containerPortal = 866A3E0625E1010800E9DB32 /* Project object */;
			proxyType = 1;
			remoteGlobalIDString = 866A3E0D25E1010800E9DB32;
			remoteInfo = TicktokPlay;
		};
/* End PBXContainerItemProxy section */

/* Begin PBXFileReference section */
		866A3E0E25E1010800E9DB32 /* TicktokPlay.app */ = {isa = PBXFileReference; explicitFileType = wrapper.application; includeInIndex = 0; path = TicktokPlay.app; sourceTree = BUILT_PRODUCTS_DIR; };
		866A3E1125E1010800E9DB32 /* AppDelegate.swift */ = {isa = PBXFileReference; lastKnownFileType = sourcecode.swift; path = AppDelegate.swift; sourceTree = "<group>"; };
		866A3E1325E1010800E9DB32 /* SceneDelegate.swift */ = {isa = PBXFileReference; lastKnownFileType = sourcecode.swift; path = SceneDelegate.swift; sourceTree = "<group>"; };
		866A3E1525E1010800E9DB32 /* ViewController.swift */ = {isa = PBXFileReference; lastKnownFileType = sourcecode.swift; path = ViewController.swift; sourceTree = "<group>"; };
		866A3E1825E1010800E9DB32 /* Base */ = {isa = PBXFileReference; lastKnownFileType = file.storyboard; name = Base; path = Base.lproj/Main.storyboard; sourceTree = "<group>"; };
		866A3E1A25E1010A00E9DB32 /* Assets.xcassets */ = {isa = PBXFileReference; lastKnownFileType = folder.assetcatalog; path = Assets.xcassets; sourceTree = "<group>"; };
		866A3E1D25E1010A00E9DB32 /* Base */ = {isa = PBXFileReference; lastKnownFileType = file.storyboard; name = Base; path = Base.lproj/LaunchScreen.storyboard; sourceTree = "<group>"; };
		866A3E1F25E1010A00E9DB32 /* Info.plist */ = {isa = PBXFileReference; lastKnownFileType = text.plist.xml; path = Info.plist; sourceTree = "<group>"; };
		866A3E2425E1010B00E9DB32 /* TicktokPlayTests.xctest */ = {isa = PBXFileReference; explicitFileType = wrapper.cfbundle; includeInIndex = 0; path = TicktokPlayTests.xctest; sourceTree = BUILT_PRODUCTS_DIR; };
		866A3E2825E1010B00E9DB32 /* TicktokPlayTests.swift */ = {isa = PBXFileReference; lastKnownFileType = sourcecode.swift; path = TicktokPlayTests.swift; sourceTree = "<group>"; };
		866A3E2A25E1010B00E9DB32 /* Info.plist */ = {isa = PBXFileReference; lastKnownFileType = text.plist.xml; path = Info.plist; sourceTree = "<group>"; };
		866A3E2F25E1010B00E9DB32 /* TicktokPlayUITests.xctest */ = {isa = PBXFileReference; explicitFileType = wrapper.cfbundle; includeInIndex = 0; path = TicktokPlayUITests.xctest; sourceTree = BUILT_PRODUCTS_DIR; };
		866A3E3325E1010B00E9DB32 /* TicktokPlayUITests.swift */ = {isa = PBXFileReference; lastKnownFileType = sourcecode.swift; path = TicktokPlayUITests.swift; sourceTree = "<group>"; };
		866A3E3525E1010B00E9DB32 /* Info.plist */ = {isa = PBXFileReference; lastKnownFileType = text.plist.xml; path = Info.plist; sourceTree = "<group>"; };
		866A3E4725E3B46B00E9DB32 /* 清空.mp4 */ = {isa = PBXFileReference; lastKnownFileType = file; path = "清空.mp4"; sourceTree = "<group>"; };
		866A3E4825E3B46C00E9DB32 /* 錯位時空.mp4 */ = {isa = PBXFileReference; lastKnownFileType = file; path = "錯位時空.mp4"; sourceTree = "<group>"; };
		866A3E4925E3B46C00E9DB32 /* 星辰大海.mp4 */ = {isa = PBXFileReference; lastKnownFileType = file; path = "星辰大海.mp4"; sourceTree = "<group>"; };
		866A3E4A25E3B46D00E9DB32 /* 千千萬萬.mp4 */ = {isa = PBXFileReference; lastKnownFileType = file; path = "千千萬萬.mp4"; sourceTree = "<group>"; };
		868F7E0E25E3DCA10070549B /* SongList.swift */ = {isa = PBXFileReference; lastKnownFileType = sourcecode.swift; path = SongList.swift; sourceTree = "<group>"; };
/* End PBXFileReference section */

/* Begin PBXFrameworksBuildPhase section */
		866A3E0B25E1010800E9DB32 /* Frameworks */ = {
			isa = PBXFrameworksBuildPhase;
			buildActionMask = 2147483647;
			files = (
			);
			runOnlyForDeploymentPostprocessing = 0;
		};
		866A3E2125E1010B00E9DB32 /* Frameworks */ = {
			isa = PBXFrameworksBuildPhase;
			buildActionMask = 2147483647;
			files = (
			);
			runOnlyForDeploymentPostprocessing = 0;
		};
		866A3E2C25E1010B00E9DB32 /* Frameworks */ = {
			isa = PBXFrameworksBuildPhase;
			buildActionMask = 2147483647;
			files = (
			);
			runOnlyForDeploymentPostprocessing = 0;
		};
/* End PBXFrameworksBuildPhase section */

/* Begin PBXGroup section */
		866A3E0525E1010800E9DB32 = {
			isa = PBXGroup;
			children = (
				866A3E1025E1010800E9DB32 /* TicktokPlay */,
				866A3E2725E1010B00E9DB32 /* TicktokPlayTests */,
				866A3E3225E1010B00E9DB32 /* TicktokPlayUITests */,
				866A3E0F25E1010800E9DB32 /* Products */,
			);
			sourceTree = "<group>";
		};
		866A3E0F25E1010800E9DB32 /* Products */ = {
			isa = PBXGroup;
			children = (
				866A3E0E25E1010800E9DB32 /* TicktokPlay.app */,
				866A3E2425E1010B00E9DB32 /* TicktokPlayTests.xctest */,
				866A3E2F25E1010B00E9DB32 /* TicktokPlayUITests.xctest */,
			);
			name = Products;
			sourceTree = "<group>";
		};
		866A3E1025E1010800E9DB32 /* TicktokPlay */ = {
			isa = PBXGroup;
			children = (
				866A3E4A25E3B46D00E9DB32 /* 千千萬萬.mp4 */,
				866A3E4725E3B46B00E9DB32 /* 清空.mp4 */,
				866A3E4825E3B46C00E9DB32 /* 錯位時空.mp4 */,
				866A3E4925E3B46C00E9DB32 /* 星辰大海.mp4 */,
				866A3E1125E1010800E9DB32 /* AppDelegate.swift */,
				866A3E1325E1010800E9DB32 /* SceneDelegate.swift */,
				866A3E1525E1010800E9DB32 /* ViewController.swift */,
				868F7E0E25E3DCA10070549B /* SongList.swift */,
				866A3E1725E1010800E9DB32 /* Main.storyboard */,
				866A3E1A25E1010A00E9DB32 /* Assets.xcassets */,
				866A3E1C25E1010A00E9DB32 /* LaunchScreen.storyboard */,
				866A3E1F25E1010A00E9DB32 /* Info.plist */,
			);
			path = TicktokPlay;
			sourceTree = "<group>";
		};
		866A3E2725E1010B00E9DB32 /* TicktokPlayTests */ = {
			isa = PBXGroup;
			children = (
				866A3E2825E1010B00E9DB32 /* TicktokPlayTests.swift */,
				866A3E2A25E1010B00E9DB32 /* Info.plist */,
			);
			path = TicktokPlayTests;
			sourceTree = "<group>";
		};
		866A3E3225E1010B00E9DB32 /* TicktokPlayUITests */ = {
			isa = PBXGroup;
			children = (
				866A3E3325E1010B00E9DB32 /* TicktokPlayUITests.swift */,
				866A3E3525E1010B00E9DB32 /* Info.plist */,
			);
			path = TicktokPlayUITests;
			sourceTree = "<group>";
		};
/* End PBXGroup section */

/* Begin PBXNativeTarget section */
		866A3E0D25E1010800E9DB32 /* TicktokPlay */ = {
			isa = PBXNativeTarget;
			buildConfigurationList = 866A3E3825E1010B00E9DB32 /* Build configuration list for PBXNativeTarget "TicktokPlay" */;
			buildPhases = (
				866A3E0A25E1010800E9DB32 /* Sources */,
				866A3E0B25E1010800E9DB32 /* Frameworks */,
				866A3E0C25E1010800E9DB32 /* Resources */,
			);
			buildRules = (
			);
			dependencies = (
			);
			name = TicktokPlay;
			productName = TicktokPlay;
			productReference = 866A3E0E25E1010800E9DB32 /* TicktokPlay.app */;
			productType = "com.apple.product-type.application";
		};
		866A3E2325E1010B00E9DB32 /* TicktokPlayTests */ = {
			isa = PBXNativeTarget;
			buildConfigurationList = 866A3E3B25E1010B00E9DB32 /* Build configuration list for PBXNativeTarget "TicktokPlayTests" */;
			buildPhases = (
				866A3E2025E1010B00E9DB32 /* Sources */,
				866A3E2125E1010B00E9DB32 /* Frameworks */,
				866A3E2225E1010B00E9DB32 /* Resources */,
			);
			buildRules = (
			);
			dependencies = (
				866A3E2625E1010B00E9DB32 /* PBXTargetDependency */,
			);
			name = TicktokPlayTests;
			productName = TicktokPlayTests;
			productReference = 866A3E2425E1010B00E9DB32 /* TicktokPlayTests.xctest */;
			productType = "com.apple.product-type.bundle.unit-test";
		};
		866A3E2E25E1010B00E9DB32 /* TicktokPlayUITests */ = {
			isa = PBXNativeTarget;
			buildConfigurationList = 866A3E3E25E1010B00E9DB32 /* Build configuration list for PBXNativeTarget "TicktokPlayUITests" */;
			buildPhases = (
				866A3E2B25E1010B00E9DB32 /* Sources */,
				866A3E2C25E1010B00E9DB32 /* Frameworks */,
				866A3E2D25E1010B00E9DB32 /* Resources */,
			);
			buildRules = (
			);
			dependencies = (
				866A3E3125E1010B00E9DB32 /* PBXTargetDependency */,
			);
			name = TicktokPlayUITests;
			productName = TicktokPlayUITests;
			productReference = 866A3E2F25E1010B00E9DB32 /* TicktokPlayUITests.xctest */;
			productType = "com.apple.product-type.bundle.ui-testing";
		};
/* End PBXNativeTarget section */

/* Begin PBXProject section */
		866A3E0625E1010800E9DB32 /* Project object */ = {
			isa = PBXProject;
			attributes = {
				LastSwiftUpdateCheck = 1210;
				LastUpgradeCheck = 1210;
				TargetAttributes = {
					866A3E0D25E1010800E9DB32 = {
						CreatedOnToolsVersion = 12.1;
					};
					866A3E2325E1010B00E9DB32 = {
						CreatedOnToolsVersion = 12.1;
						TestTargetID = 866A3E0D25E1010800E9DB32;
					};
					866A3E2E25E1010B00E9DB32 = {
						CreatedOnToolsVersion = 12.1;
						TestTargetID = 866A3E0D25E1010800E9DB32;
					};
				};
			};
			buildConfigurationList = 866A3E0925E1010800E9DB32 /* Build configuration list for PBXProject "TicktokPlay" */;
			compatibilityVersion = "Xcode 9.3";
			developmentRegion = en;
			hasScannedForEncodings = 0;
			knownRegions = (
				en,
				Base,
			);
			mainGroup = 866A3E0525E1010800E9DB32;
			productRefGroup = 866A3E0F25E1010800E9DB32 /* Products */;
			projectDirPath = "";
			projectRoot = "";
			targets = (
				866A3E0D25E1010800E9DB32 /* TicktokPlay */,
				866A3E2325E1010B00E9DB32 /* TicktokPlayTests */,
				866A3E2E25E1010B00E9DB32 /* TicktokPlayUITests */,
			);
		};
/* End PBXProject section */

/* Begin PBXResourcesBuildPhase section */
		866A3E0C25E1010800E9DB32 /* Resources */ = {
			isa = PBXResourcesBuildPhase;
			buildActionMask = 2147483647;
			files = (
				8630C59225E6C8D60053246D /* 清空.mp4 in Resources */,
				8630C59625E6C8D90053246D /* 千千萬萬.mp4 in Resources */,
				8630C58A25E6C8D00053246D /* 星辰大海.mp4 in Resources */,
				866A3E1E25E1010A00E9DB32 /* LaunchScreen.storyboard in Resources */,
				866A3E1B25E1010A00E9DB32 /* Assets.xcassets in Resources */,
				866A3E1925E1010800E9DB32 /* Main.storyboard in Resources */,
				8630C58E25E6C8D30053246D /* 錯位時空.mp4 in Resources */,
			);
			runOnlyForDeploymentPostprocessing = 0;
		};
		866A3E2225E1010B00E9DB32 /* Resources */ = {
			isa = PBXResourcesBuildPhase;
			buildActionMask = 2147483647;
			files = (
			);
			runOnlyForDeploymentPostprocessing = 0;
		};
		866A3E2D25E1010B00E9DB32 /* Resources */ = {
			isa = PBXResourcesBuildPhase;
			buildActionMask = 2147483647;
			files = (
			);
			runOnlyForDeploymentPostprocessing = 0;
		};
/* End PBXResourcesBuildPhase section */

/* Begin PBXSourcesBuildPhase section */
		866A3E0A25E1010800E9DB32 /* Sources */ = {
			isa = PBXSourcesBuildPhase;
			buildActionMask = 2147483647;
			files = (
				868F7E0F25E3DCA10070549B /* SongList.swift in Sources */,
				866A3E1625E1010800E9DB32 /* ViewController.swift in Sources */,
				866A3E1225E1010800E9DB32 /* AppDelegate.swift in Sources */,
				866A3E1425E1010800E9DB32 /* SceneDelegate.swift in Sources */,
			);
			runOnlyForDeploymentPostprocessing = 0;
		};
		866A3E2025E1010B00E9DB32 /* Sources */ = {
			isa = PBXSourcesBuildPhase;
			buildActionMask = 2147483647;
			files = (
				866A3E2925E1010B00E9DB32 /* TicktokPlayTests.swift in Sources */,
			);
			runOnlyForDeploymentPostprocessing = 0;
		};
		866A3E2B25E1010B00E9DB32 /* Sources */ = {
			isa = PBXSourcesBuildPhase;
			buildActionMask = 2147483647;
			files = (
				866A3E3425E1010B00E9DB32 /* TicktokPlayUITests.swift in Sources */,
			);
			runOnlyForDeploymentPostprocessing = 0;
		};
/* End PBXSourcesBuildPhase section */

/* Begin PBXTargetDependency section */
		866A3E2625E1010B00E9DB32 /* PBXTargetDependency */ = {
			isa = PBXTargetDependency;
			target = 866A3E0D25E1010800E9DB32 /* TicktokPlay */;
			targetProxy = 866A3E2525E1010B00E9DB32 /* PBXContainerItemProxy */;
		};
		866A3E3125E1010B00E9DB32 /* PBXTargetDependency */ = {
			isa = PBXTargetDependency;
			target = 866A3E0D25E1010800E9DB32 /* TicktokPlay */;
			targetProxy = 866A3E3025E1010B00E9DB32 /* PBXContainerItemProxy */;
		};
/* End PBXTargetDependency section */

/* Begin PBXVariantGroup section */
		866A3E1725E1010800E9DB32 /* Main.storyboard */ = {
			isa = PBXVariantGroup;
			children = (
				866A3E1825E1010800E9DB32 /* Base */,
			);
			name = Main.storyboard;
			sourceTree = "<group>";
		};
		866A3E1C25E1010A00E9DB32 /* LaunchScreen.storyboard */ = {
			isa = PBXVariantGroup;
			children = (
				866A3E1D25E1010A00E9DB32 /* Base */,
			);
			name = LaunchScreen.storyboard;
			sourceTree = "<group>";
		};
/* End PBXVariantGroup section */

/* Begin XCBuildConfiguration section */
		866A3E3625E1010B00E9DB32 /* Debug */ = {
			isa = XCBuildConfiguration;
			buildSettings = {
				ALWAYS_SEARCH_USER_PATHS = NO;
				CLANG_ANALYZER_NONNULL = YES;
				CLANG_ANALYZER_NUMBER_OBJECT_CONVERSION = YES_AGGRESSIVE;
				CLANG_CXX_LANGUAGE_STANDARD = "gnu++14";
				CLANG_CXX_LIBRARY = "libc++";
				CLANG_ENABLE_MODULES = YES;
				CLANG_ENABLE_OBJC_ARC = YES;
				CLANG_ENABLE_OBJC_WEAK = YES;
				CLANG_WARN_BLOCK_CAPTURE_AUTORELEASING = YES;
				CLANG_WARN_BOOL_CONVERSION = YES;
				CLANG_WARN_COMMA = YES;
				CLANG_WARN_CONSTANT_CONVERSION = YES;
				CLANG_WARN_DEPRECATED_OBJC_IMPLEMENTATIONS = YES;
				CLANG_WARN_DIRECT_OBJC_ISA_USAGE = YES_ERROR;
				CLANG_WARN_DOCUMENTATION_COMMENTS = YES;
				CLANG_WARN_EMPTY_BODY = YES;
				CLANG_WARN_ENUM_CONVERSION = YES;
				CLANG_WARN_INFINITE_RECURSION = YES;
				CLANG_WARN_INT_CONVERSION = YES;
				CLANG_WARN_NON_LITERAL_NULL_CONVERSION = YES;
				CLANG_WARN_OBJC_IMPLICIT_RETAIN_SELF = YES;
				CLANG_WARN_OBJC_LITERAL_CONVERSION = YES;
				CLANG_WARN_OBJC_ROOT_CLASS = YES_ERROR;
				CLANG_WARN_QUOTED_INCLUDE_IN_FRAMEWORK_HEADER = YES;
				CLANG_WARN_RANGE_LOOP_ANALYSIS = YES;
				CLANG_WARN_STRICT_PROTOTYPES = YES;
				CLANG_WARN_SUSPICIOUS_MOVE = YES;
				CLANG_WARN_UNGUARDED_AVAILABILITY = YES_AGGRESSIVE;
				CLANG_WARN_UNREACHABLE_CODE = YES;
				CLANG_WARN__DUPLICATE_METHOD_MATCH = YES;
				COPY_PHASE_STRIP = NO;
				DEBUG_INFORMATION_FORMAT = dwarf;
				ENABLE_STRICT_OBJC_MSGSEND = YES;
				ENABLE_TESTABILITY = YES;
				GCC_C_LANGUAGE_STANDARD = gnu11;
				GCC_DYNAMIC_NO_PIC = NO;
				GCC_NO_COMMON_BLOCKS = YES;
				GCC_OPTIMIZATION_LEVEL = 0;
				GCC_PREPROCESSOR_DEFINITIONS = (
					"DEBUG=1",
					"$(inherited)",
				);
				GCC_WARN_64_TO_32_BIT_CONVERSION = YES;
				GCC_WARN_ABOUT_RETURN_TYPE = YES_ERROR;
				GCC_WARN_UNDECLARED_SELECTOR = YES;
				GCC_WARN_UNINITIALIZED_AUTOS = YES_AGGRESSIVE;
				GCC_WARN_UNUSED_FUNCTION = YES;
				GCC_WARN_UNUSED_VARIABLE = YES;
				IPHONEOS_DEPLOYMENT_TARGET = 14.1;
				MTL_ENABLE_DEBUG_INFO = INCLUDE_SOURCE;
				MTL_FAST_MATH = YES;
				ONLY_ACTIVE_ARCH = YES;
				SDKROOT = iphoneos;
				SWIFT_ACTIVE_COMPILATION_CONDITIONS = DEBUG;
				SWIFT_OPTIMIZATION_LEVEL = "-Onone";
			};
			name = Debug;
		};
		866A3E3725E1010B00E9DB32 /* Release */ = {
			isa = XCBuildConfiguration;
			buildSettings = {
				ALWAYS_SEARCH_USER_PATHS = NO;
				CLANG_ANALYZER_NONNULL = YES;
				CLANG_ANALYZER_NUMBER_OBJECT_CONVERSION = YES_AGGRESSIVE;
				CLANG_CXX_LANGUAGE_STANDARD = "gnu++14";
				CLANG_CXX_LIBRARY = "libc++";
				CLANG_ENABLE_MODULES = YES;
				CLANG_ENABLE_OBJC_ARC = YES;
				CLANG_ENABLE_OBJC_WEAK = YES;
				CLANG_WARN_BLOCK_CAPTURE_AUTORELEASING = YES;
				CLANG_WARN_BOOL_CONVERSION = YES;
				CLANG_WARN_COMMA = YES;
				CLANG_WARN_CONSTANT_CONVERSION = YES;
				CLANG_WARN_DEPRECATED_OBJC_IMPLEMENTATIONS = YES;
				CLANG_WARN_DIRECT_OBJC_ISA_USAGE = YES_ERROR;
				CLANG_WARN_DOCUMENTATION_COMMENTS = YES;
				CLANG_WARN_EMPTY_BODY = YES;
				CLANG_WARN_ENUM_CONVERSION = YES;
				CLANG_WARN_INFINITE_RECURSION = YES;
				CLANG_WARN_INT_CONVERSION = YES;
				CLANG_WARN_NON_LITERAL_NULL_CONVERSION = YES;
				CLANG_WARN_OBJC_IMPLICIT_RETAIN_SELF = YES;
				CLANG_WARN_OBJC_LITERAL_CONVERSION = YES;
				CLANG_WARN_OBJC_ROOT_CLASS = YES_ERROR;
				CLANG_WARN_QUOTED_INCLUDE_IN_FRAMEWORK_HEADER = YES;
				CLANG_WARN_RANGE_LOOP_ANALYSIS = YES;
				CLANG_WARN_STRICT_PROTOTYPES = YES;
				CLANG_WARN_SUSPICIOUS_MOVE = YES;
				CLANG_WARN_UNGUARDED_AVAILABILITY = YES_AGGRESSIVE;
				CLANG_WARN_UNREACHABLE_CODE = YES;
				CLANG_WARN__DUPLICATE_METHOD_MATCH = YES;
				COPY_PHASE_STRIP = NO;
				DEBUG_INFORMATION_FORMAT = "dwarf-with-dsym";
				ENABLE_NS_ASSERTIONS = NO;
				ENABLE_STRICT_OBJC_MSGSEND = YES;
				GCC_C_LANGUAGE_STANDARD = gnu11;
				GCC_NO_COMMON_BLOCKS = YES;
				GCC_WARN_64_TO_32_BIT_CONVERSION = YES;
				GCC_WARN_ABOUT_RETURN_TYPE = YES_ERROR;
				GCC_WARN_UNDECLARED_SELECTOR = YES;
				GCC_WARN_UNINITIALIZED_AUTOS = YES_AGGRESSIVE;
				GCC_WARN_UNUSED_FUNCTION = YES;
				GCC_WARN_UNUSED_VARIABLE = YES;
				IPHONEOS_DEPLOYMENT_TARGET = 14.1;
				MTL_ENABLE_DEBUG_INFO = NO;
				MTL_FAST_MATH = YES;
				SDKROOT = iphoneos;
				SWIFT_COMPILATION_MODE = wholemodule;
				SWIFT_OPTIMIZATION_LEVEL = "-O";
				VALIDATE_PRODUCT = YES;
			};
			name = Release;
		};
		866A3E3925E1010B00E9DB32 /* Debug */ = {
			isa = XCBuildConfiguration;
			buildSettings = {
				ASSETCATALOG_COMPILER_APPICON_NAME = AppIcon;
				ASSETCATALOG_COMPILER_GLOBAL_ACCENT_COLOR_NAME = AccentColor;
				CODE_SIGN_STYLE = Automatic;
				DEVELOPMENT_TEAM = BSQ6SB2ZMW;
				INFOPLIST_FILE = TicktokPlay/Info.plist;
				LD_RUNPATH_SEARCH_PATHS = (
					"$(inherited)",
					"@executable_path/Frameworks",
				);
				PRODUCT_BUNDLE_IDENTIFIER = Dora0220.TicktokPlay;
				PRODUCT_NAME = "$(TARGET_NAME)";
				SWIFT_VERSION = 5.0;
				TARGETED_DEVICE_FAMILY = "1,2";
			};
			name = Debug;
		};
		866A3E3A25E1010B00E9DB32 /* Release */ = {
			isa = XCBuildConfiguration;
			buildSettings = {
				ASSETCATALOG_COMPILER_APPICON_NAME = AppIcon;
				ASSETCATALOG_COMPILER_GLOBAL_ACCENT_COLOR_NAME = AccentColor;
				CODE_SIGN_STYLE = Automatic;
				DEVELOPMENT_TEAM = BSQ6SB2ZMW;
				INFOPLIST_FILE = TicktokPlay/Info.plist;
				LD_RUNPATH_SEARCH_PATHS = (
					"$(inherited)",
					"@executable_path/Frameworks",
				);
				PRODUCT_BUNDLE_IDENTIFIER = Dora0220.TicktokPlay;
				PRODUCT_NAME = "$(TARGET_NAME)";
				SWIFT_VERSION = 5.0;
				TARGETED_DEVICE_FAMILY = "1,2";
			};
			name = Release;
		};
		866A3E3C25E1010B00E9DB32 /* Debug */ = {
			isa = XCBuildConfiguration;
			buildSettings = {
				ALWAYS_EMBED_SWIFT_STANDARD_LIBRARIES = YES;
				BUNDLE_LOADER = "$(TEST_HOST)";
				CODE_SIGN_STYLE = Automatic;
				DEVELOPMENT_TEAM = BSQ6SB2ZMW;
				INFOPLIST_FILE = TicktokPlayTests/Info.plist;
				IPHONEOS_DEPLOYMENT_TARGET = 14.1;
				LD_RUNPATH_SEARCH_PATHS = (
					"$(inherited)",
					"@executable_path/Frameworks",
					"@loader_path/Frameworks",
				);
				PRODUCT_BUNDLE_IDENTIFIER = Dora0220.TicktokPlayTests;
				PRODUCT_NAME = "$(TARGET_NAME)";
				SWIFT_VERSION = 5.0;
				TARGETED_DEVICE_FAMILY = "1,2";
				TEST_HOST = "$(BUILT_PRODUCTS_DIR)/TicktokPlay.app/TicktokPlay";
			};
			name = Debug;
		};
		866A3E3D25E1010B00E9DB32 /* Release */ = {
			isa = XCBuildConfiguration;
			buildSettings = {
				ALWAYS_EMBED_SWIFT_STANDARD_LIBRARIES = YES;
				BUNDLE_LOADER = "$(TEST_HOST)";
				CODE_SIGN_STYLE = Automatic;
				DEVELOPMENT_TEAM = BSQ6SB2ZMW;
				INFOPLIST_FILE = TicktokPlayTests/Info.plist;
				IPHONEOS_DEPLOYMENT_TARGET = 14.1;
				LD_RUNPATH_SEARCH_PATHS = (
					"$(inherited)",
					"@executable_path/Frameworks",
					"@loader_path/Frameworks",
				);
				PRODUCT_BUNDLE_IDENTIFIER = Dora0220.TicktokPlayTests;
				PRODUCT_NAME = "$(TARGET_NAME)";
				SWIFT_VERSION = 5.0;
				TARGETED_DEVICE_FAMILY = "1,2";
				TEST_HOST = "$(BUILT_PRODUCTS_DIR)/TicktokPlay.app/TicktokPlay";
			};
			name = Release;
		};
		866A3E3F25E1010B00E9DB32 /* Debug */ = {
			isa = XCBuildConfiguration;
			buildSettings = {
				ALWAYS_EMBED_SWIFT_STANDARD_LIBRARIES = YES;
				CODE_SIGN_STYLE = Automatic;
				DEVELOPMENT_TEAM = BSQ6SB2ZMW;
				INFOPLIST_FILE = TicktokPlayUITests/Info.plist;
				LD_RUNPATH_SEARCH_PATHS = (
					"$(inherited)",
					"@executable_path/Frameworks",
					"@loader_path/Frameworks",
				);
				PRODUCT_BUNDLE_IDENTIFIER = Dora0220.TicktokPlayUITests;
				PRODUCT_NAME = "$(TARGET_NAME)";
				SWIFT_VERSION = 5.0;
				TARGETED_DEVICE_FAMILY = "1,2";
				TEST_TARGET_NAME = TicktokPlay;
			};
			name = Debug;
		};
		866A3E4025E1010B00E9DB32 /* Release */ = {
			isa = XCBuildConfiguration;
			buildSettings = {
				ALWAYS_EMBED_SWIFT_STANDARD_LIBRARIES = YES;
				CODE_SIGN_STYLE = Automatic;
				DEVELOPMENT_TEAM = BSQ6SB2ZMW;
				INFOPLIST_FILE = TicktokPlayUITests/Info.plist;
				LD_RUNPATH_SEARCH_PATHS = (
					"$(inherited)",
					"@executable_path/Frameworks",
					"@loader_path/Frameworks",
				);
				PRODUCT_BUNDLE_IDENTIFIER = Dora0220.TicktokPlayUITests;
				PRODUCT_NAME = "$(TARGET_NAME)";
				SWIFT_VERSION = 5.0;
				TARGETED_DEVICE_FAMILY = "1,2";
				TEST_TARGET_NAME = TicktokPlay;
			};
			name = Release;
		};
/* End XCBuildConfiguration section */

/* Begin XCConfigurationList section */
		866A3E0925E1010800E9DB32 /* Build configuration list for PBXProject "TicktokPlay" */ = {
			isa = XCConfigurationList;
			buildConfigurations = (
				866A3E3625E1010B00E9DB32 /* Debug */,
				866A3E3725E1010B00E9DB32 /* Release */,
			);
			defaultConfigurationIsVisible = 0;
			defaultConfigurationName = Release;
		};
		866A3E3825E1010B00E9DB32 /* Build configuration list for PBXNativeTarget "TicktokPlay" */ = {
			isa = XCConfigurationList;
			buildConfigurations = (
				866A3E3925E1010B00E9DB32 /* Debug */,
				866A3E3A25E1010B00E9DB32 /* Release */,
			);
			defaultConfigurationIsVisible = 0;
			defaultConfigurationName = Release;
		};
		866A3E3B25E1010B00E9DB32 /* Build configuration list for PBXNativeTarget "TicktokPlayTests" */ = {
			isa = XCConfigurationList;
			buildConfigurations = (
				866A3E3C25E1010B00E9DB32 /* Debug */,
				866A3E3D25E1010B00E9DB32 /* Release */,
			);
			defaultConfigurationIsVisible = 0;
			defaultConfigurationName = Release;
		};
		866A3E3E25E1010B00E9DB32 /* Build configuration list for PBXNativeTarget "TicktokPlayUITests" */ = {
			isa = XCConfigurationList;
			buildConfigurations = (
				866A3E3F25E1010B00E9DB32 /* Debug */,
				866A3E4025E1010B00E9DB32 /* Release */,
			);
			defaultConfigurationIsVisible = 0;
			defaultConfigurationName = Release;
		};
/* End XCConfigurationList section */
	};
	rootObject = 866A3E0625E1010800E9DB32 /* Project object */;
}
